
Microsoft Visual Studio Solution File, Format Version 12.00
# Visual Studio Version 17
VisualStudioVersion = 17.5.33516.290
MinimumVisualStudioVersion = 10.0.40219.1
Project("{9A19103F-16F7-4668-BE54-9A1E7A4F7556}") = "Exercicio1", "Exercicio1\Exercicio1.csproj", "{4D2D6A0A-3C18-4655-B513-FDC372DF3C2F}"
EndProject
Project("{9A19103F-16F7-4668-BE54-9A1E7A4F7556}") = "Exercicio2", "Exercicio2\Exercicio2.csproj", "{F9334265-D8E8-40F6-82E5-4911F13F9A55}"
EndProject
Project("{9A19103F-16F7-4668-BE54-9A1E7A4F7556}") = "Exercicio 3", "Exercicio 3\Exercicio 3.csproj", "{1117C5DC-087D-49E4-84C1-3D802D79C8C4}"
EndProject
Project("{9A19103F-16F7-4668-BE54-9A1E7A4F7556}") = "Exercicio 4", "Exercicio 4\Exercicio 4.csproj", "{7844B228-D0BD-4C44-B669-A678A32CF293}"
EndProject
Project("{9A19103F-16F7-4668-BE54-9A1E7A4F7556}") = "Exercicio5", "Exercicio 5\Exercicio5.csproj", "{4E8D808D-0548-4835-A2A9-8DC997A0543E}"
EndProject
Project("{9A19103F-16F7-4668-BE54-9A1E7A4F7556}") = "Exercicio6", "Exercicio6\Exercicio6.csproj", "{620A8183-B1B6-4C8B-B725-F3871013FFB7}"
EndProject
Project("{9A19103F-16F7-4668-BE54-9A1E7A4F7556}") = "Exercicio7", "Exercicio7\Exercicio7.csproj", "{0F098FE4-8492-4182-9942-DD10C57C747C}"
EndProject
Project("{9A19103F-16F7-4668-BE54-9A1E7A4F7556}") = "Exercicio 8", "Exercicio 8\Exercicio 8.csproj", "{6534CD12-CBFF-4935-B6B3-3B3F5259E23A}"
EndProject
Project("{9A19103F-16F7-4668-BE54-9A1E7A4F7556}") = "Exercicio 9", "Exercicio 9\Exercicio 9.csproj", "{1515DFC3-9391-40FF-8234-06FDCDE3162C}"
EndProject
Project("{9A19103F-16F7-4668-BE54-9A1E7A4F7556}") = "Exercicio 10", "Exercicio 10\Exercicio 10.csproj", "{CF8BAC6E-8757-4469-8BB7-CCEA66E5FA5C}"
EndProject
Project("{2150E333-8FDC-42A3-9474-1A3956D46DE8}") = "Itens de Solução", "Itens de Solução", "{B534ABD1-E0F1-4244-8B47-B9C0304C2330}"
	ProjectSection(SolutionItems) = preProject
		README.md = README.md
	EndProjectSection
EndProject
Project("{9A19103F-16F7-4668-BE54-9A1E7A4F7556}") = "Exercicio 11", "Exercicio 11\Exercicio 11.csproj", "{209BBADE-E927-4FFC-8D4A-B200C6784895}"
EndProject
Project("{9A19103F-16F7-4668-BE54-9A1E7A4F7556}") = "Exercicio 12", "Exercicio 12\Exercicio 12.csproj", "{61B77696-DF9F-4583-9741-18D207462419}"
EndProject
Project("{9A19103F-16F7-4668-BE54-9A1E7A4F7556}") = "Exercicio 13", "Exercicio 13\Exercicio 13.csproj", "{8B13DEA2-D28A-49BE-9D88-EA01E022DE3C}"
EndProject
Project("{9A19103F-16F7-4668-BE54-9A1E7A4F7556}") = "Exercicio 14", "Exercicio 14\Exercicio 14.csproj", "{D459E572-16BD-4FEC-8921-6F37636322B7}"
EndProject
Project("{9A19103F-16F7-4668-BE54-9A1E7A4F7556}") = "Exercicio 15", "Exercicio 15\Exercicio 15.csproj", "{4CDBA811-EE33-43BB-83EF-82D1EA887D90}"
EndProject
Project("{9A19103F-16F7-4668-BE54-9A1E7A4F7556}") = "Exercicio 16", "Exercicio 16\Exercicio 16.csproj", "{AF046876-F28C-4893-A84A-5B62DB568A89}"
EndProject
Project("{9A19103F-16F7-4668-BE54-9A1E7A4F7556}") = "Exercicio 17", "Exercicio 17\Exercicio 17.csproj", "{A648D516-CE06-4553-AF48-4D6FA247346F}"
EndProject
Project("{9A19103F-16F7-4668-BE54-9A1E7A4F7556}") = "Exercicio 18", "Exercicio 18\Exercicio 18.csproj", "{22A3F18A-B10C-4EEE-8674-90A39F942F1D}"
EndProject
Project("{9A19103F-16F7-4668-BE54-9A1E7A4F7556}") = "Exercicio 19", "Exercicio 19\Exercicio 19.csproj", "{CDD8A1E6-D2D9-4E6E-B97E-EFA5F8379E42}"
EndProject
Project("{9A19103F-16F7-4668-BE54-9A1E7A4F7556}") = "Exercicio 20", "Exercicio 20\Exercicio 20.csproj", "{5C973746-663A-4856-98E1-38E798E129AF}"
EndProject
Project("{9A19103F-16F7-4668-BE54-9A1E7A4F7556}") = "Exercicio 21", "Exercicio 21\Exercicio 21.csproj", "{4A591959-C763-41E7-A53B-D439CDD71FA0}"
EndProject
Project("{9A19103F-16F7-4668-BE54-9A1E7A4F7556}") = "Exercicio 22", "Exercicio 22\Exercicio 22.csproj", "{3AA1DDC6-F6A7-4CED-8DD0-78CA99B414BF}"
EndProject
Project("{9A19103F-16F7-4668-BE54-9A1E7A4F7556}") = "Exercicio 23", "Exercicio 23\Exercicio 23.csproj", "{B062C740-0CE1-4854-B835-D7AAFA88C73A}"
EndProject
Project("{9A19103F-16F7-4668-BE54-9A1E7A4F7556}") = "Exercicio 24", "Exercicio 24\Exercicio 24.csproj", "{16E69D77-84ED-40B3-997B-28395D0DB970}"
EndProject
Project("{FAE04EC0-301F-11D3-BF4B-00C04F79EFBC}") = "Exercicio 25", "Exercicio 25\Exercicio 25.csproj", "{DACA38B4-3C60-4317-85DD-E0C2AAF3DB21}"
EndProject
Global
	GlobalSection(SolutionConfigurationPlatforms) = preSolution
		Debug|Any CPU = Debug|Any CPU
		Release|Any CPU = Release|Any CPU
	EndGlobalSection
	GlobalSection(ProjectConfigurationPlatforms) = postSolution
		{4D2D6A0A-3C18-4655-B513-FDC372DF3C2F}.Debug|Any CPU.ActiveCfg = Debug|Any CPU
		{4D2D6A0A-3C18-4655-B513-FDC372DF3C2F}.Debug|Any CPU.Build.0 = Debug|Any CPU
		{4D2D6A0A-3C18-4655-B513-FDC372DF3C2F}.Release|Any CPU.ActiveCfg = Release|Any CPU
		{4D2D6A0A-3C18-4655-B513-FDC372DF3C2F}.Release|Any CPU.Build.0 = Release|Any CPU
		{F9334265-D8E8-40F6-82E5-4911F13F9A55}.Debug|Any CPU.ActiveCfg = Debug|Any CPU
		{F9334265-D8E8-40F6-82E5-4911F13F9A55}.Debug|Any CPU.Build.0 = Debug|Any CPU
		{F9334265-D8E8-40F6-82E5-4911F13F9A55}.Release|Any CPU.ActiveCfg = Release|Any CPU
		{F9334265-D8E8-40F6-82E5-4911F13F9A55}.Release|Any CPU.Build.0 = Release|Any CPU
		{1117C5DC-087D-49E4-84C1-3D802D79C8C4}.Debug|Any CPU.ActiveCfg = Debug|Any CPU
		{1117C5DC-087D-49E4-84C1-3D802D79C8C4}.Debug|Any CPU.Build.0 = Debug|Any CPU
		{1117C5DC-087D-49E4-84C1-3D802D79C8C4}.Release|Any CPU.ActiveCfg = Release|Any CPU
		{1117C5DC-087D-49E4-84C1-3D802D79C8C4}.Release|Any CPU.Build.0 = Release|Any CPU
		{7844B228-D0BD-4C44-B669-A678A32CF293}.Debug|Any CPU.ActiveCfg = Debug|Any CPU
		{7844B228-D0BD-4C44-B669-A678A32CF293}.Debug|Any CPU.Build.0 = Debug|Any CPU
		{7844B228-D0BD-4C44-B669-A678A32CF293}.Release|Any CPU.ActiveCfg = Release|Any CPU
		{7844B228-D0BD-4C44-B669-A678A32CF293}.Release|Any CPU.Build.0 = Release|Any CPU
		{4E8D808D-0548-4835-A2A9-8DC997A0543E}.Debug|Any CPU.ActiveCfg = Debug|Any CPU
		{4E8D808D-0548-4835-A2A9-8DC997A0543E}.Debug|Any CPU.Build.0 = Debug|Any CPU
		{4E8D808D-0548-4835-A2A9-8DC997A0543E}.Release|Any CPU.ActiveCfg = Release|Any CPU
		{4E8D808D-0548-4835-A2A9-8DC997A0543E}.Release|Any CPU.Build.0 = Release|Any CPU
		{620A8183-B1B6-4C8B-B725-F3871013FFB7}.Debug|Any CPU.ActiveCfg = Debug|Any CPU
		{620A8183-B1B6-4C8B-B725-F3871013FFB7}.Debug|Any CPU.Build.0 = Debug|Any CPU
		{620A8183-B1B6-4C8B-B725-F3871013FFB7}.Release|Any CPU.ActiveCfg = Release|Any CPU
		{620A8183-B1B6-4C8B-B725-F3871013FFB7}.Release|Any CPU.Build.0 = Release|Any CPU
		{0F098FE4-8492-4182-9942-DD10C57C747C}.Debug|Any CPU.ActiveCfg = Debug|Any CPU
		{0F098FE4-8492-4182-9942-DD10C57C747C}.Debug|Any CPU.Build.0 = Debug|Any CPU
		{0F098FE4-8492-4182-9942-DD10C57C747C}.Release|Any CPU.ActiveCfg = Release|Any CPU
		{0F098FE4-8492-4182-9942-DD10C57C747C}.Release|Any CPU.Build.0 = Release|Any CPU
		{6534CD12-CBFF-4935-B6B3-3B3F5259E23A}.Debug|Any CPU.ActiveCfg = Debug|Any CPU
		{6534CD12-CBFF-4935-B6B3-3B3F5259E23A}.Debug|Any CPU.Build.0 = Debug|Any CPU
		{6534CD12-CBFF-4935-B6B3-3B3F5259E23A}.Release|Any CPU.ActiveCfg = Release|Any CPU
		{6534CD12-CBFF-4935-B6B3-3B3F5259E23A}.Release|Any CPU.Build.0 = Release|Any CPU
		{1515DFC3-9391-40FF-8234-06FDCDE3162C}.Debug|Any CPU.ActiveCfg = Debug|Any CPU
		{1515DFC3-9391-40FF-8234-06FDCDE3162C}.Debug|Any CPU.Build.0 = Debug|Any CPU
		{1515DFC3-9391-40FF-8234-06FDCDE3162C}.Release|Any CPU.ActiveCfg = Release|Any CPU
		{1515DFC3-9391-40FF-8234-06FDCDE3162C}.Release|Any CPU.Build.0 = Release|Any CPU
		{CF8BAC6E-8757-4469-8BB7-CCEA66E5FA5C}.Debug|Any CPU.ActiveCfg = Debug|Any CPU
		{CF8BAC6E-8757-4469-8BB7-CCEA66E5FA5C}.Debug|Any CPU.Build.0 = Debug|Any CPU
		{CF8BAC6E-8757-4469-8BB7-CCEA66E5FA5C}.Release|Any CPU.ActiveCfg = Release|Any CPU
		{CF8BAC6E-8757-4469-8BB7-CCEA66E5FA5C}.Release|Any CPU.Build.0 = Release|Any CPU
		{209BBADE-E927-4FFC-8D4A-B200C6784895}.Debug|Any CPU.ActiveCfg = Debug|Any CPU
		{209BBADE-E927-4FFC-8D4A-B200C6784895}.Debug|Any CPU.Build.0 = Debug|Any CPU
		{209BBADE-E927-4FFC-8D4A-B200C6784895}.Release|Any CPU.ActiveCfg = Release|Any CPU
		{209BBADE-E927-4FFC-8D4A-B200C6784895}.Release|Any CPU.Build.0 = Release|Any CPU
		{61B77696-DF9F-4583-9741-18D207462419}.Debug|Any CPU.ActiveCfg = Debug|Any CPU
		{61B77696-DF9F-4583-9741-18D207462419}.Debug|Any CPU.Build.0 = Debug|Any CPU
		{61B77696-DF9F-4583-9741-18D207462419}.Release|Any CPU.ActiveCfg = Release|Any CPU
		{61B77696-DF9F-4583-9741-18D207462419}.Release|Any CPU.Build.0 = Release|Any CPU
		{8B13DEA2-D28A-49BE-9D88-EA01E022DE3C}.Debug|Any CPU.ActiveCfg = Debug|Any CPU
		{8B13DEA2-D28A-49BE-9D88-EA01E022DE3C}.Debug|Any CPU.Build.0 = Debug|Any CPU
		{8B13DEA2-D28A-49BE-9D88-EA01E022DE3C}.Release|Any CPU.ActiveCfg = Release|Any CPU
		{8B13DEA2-D28A-49BE-9D88-EA01E022DE3C}.Release|Any CPU.Build.0 = Release|Any CPU
		{D459E572-16BD-4FEC-8921-6F37636322B7}.Debug|Any CPU.ActiveCfg = Debug|Any CPU
		{D459E572-16BD-4FEC-8921-6F37636322B7}.Debug|Any CPU.Build.0 = Debug|Any CPU
		{D459E572-16BD-4FEC-8921-6F37636322B7}.Release|Any CPU.ActiveCfg = Release|Any CPU
		{D459E572-16BD-4FEC-8921-6F37636322B7}.Release|Any CPU.Build.0 = Release|Any CPU
		{4CDBA811-EE33-43BB-83EF-82D1EA887D90}.Debug|Any CPU.ActiveCfg = Debug|Any CPU
		{4CDBA811-EE33-43BB-83EF-82D1EA887D90}.Debug|Any CPU.Build.0 = Debug|Any CPU
		{4CDBA811-EE33-43BB-83EF-82D1EA887D90}.Release|Any CPU.ActiveCfg = Release|Any CPU
		{4CDBA811-EE33-43BB-83EF-82D1EA887D90}.Release|Any CPU.Build.0 = Release|Any CPU
		{AF046876-F28C-4893-A84A-5B62DB568A89}.Debug|Any CPU.ActiveCfg = Debug|Any CPU
		{AF046876-F28C-4893-A84A-5B62DB568A89}.Debug|Any CPU.Build.0 = Debug|Any CPU
		{AF046876-F28C-4893-A84A-5B62DB568A89}.Release|Any CPU.ActiveCfg = Release|Any CPU
		{AF046876-F28C-4893-A84A-5B62DB568A89}.Release|Any CPU.Build.0 = Release|Any CPU
		{A648D516-CE06-4553-AF48-4D6FA247346F}.Debug|Any CPU.ActiveCfg = Debug|Any CPU
		{A648D516-CE06-4553-AF48-4D6FA247346F}.Debug|Any CPU.Build.0 = Debug|Any CPU
		{A648D516-CE06-4553-AF48-4D6FA247346F}.Release|Any CPU.ActiveCfg = Release|Any CPU
		{A648D516-CE06-4553-AF48-4D6FA247346F}.Release|Any CPU.Build.0 = Release|Any CPU
		{22A3F18A-B10C-4EEE-8674-90A39F942F1D}.Debug|Any CPU.ActiveCfg = Debug|Any CPU
		{22A3F18A-B10C-4EEE-8674-90A39F942F1D}.Debug|Any CPU.Build.0 = Debug|Any CPU
		{22A3F18A-B10C-4EEE-8674-90A39F942F1D}.Release|Any CPU.ActiveCfg = Release|Any CPU
		{22A3F18A-B10C-4EEE-8674-90A39F942F1D}.Release|Any CPU.Build.0 = Release|Any CPU
		{CDD8A1E6-D2D9-4E6E-B97E-EFA5F8379E42}.Debug|Any CPU.ActiveCfg = Debug|Any CPU
		{CDD8A1E6-D2D9-4E6E-B97E-EFA5F8379E42}.Debug|Any CPU.Build.0 = Debug|Any CPU
		{CDD8A1E6-D2D9-4E6E-B97E-EFA5F8379E42}.Release|Any CPU.ActiveCfg = Release|Any CPU
		{CDD8A1E6-D2D9-4E6E-B97E-EFA5F8379E42}.Release|Any CPU.Build.0 = Release|Any CPU
		{5C973746-663A-4856-98E1-38E798E129AF}.Debug|Any CPU.ActiveCfg = Debug|Any CPU
		{5C973746-663A-4856-98E1-38E798E129AF}.Debug|Any CPU.Build.0 = Debug|Any CPU
		{5C973746-663A-4856-98E1-38E798E129AF}.Release|Any CPU.ActiveCfg = Release|Any CPU
		{5C973746-663A-4856-98E1-38E798E129AF}.Release|Any CPU.Build.0 = Release|Any CPU
		{4A591959-C763-41E7-A53B-D439CDD71FA0}.Debug|Any CPU.ActiveCfg = Debug|Any CPU
		{4A591959-C763-41E7-A53B-D439CDD71FA0}.Debug|Any CPU.Build.0 = Debug|Any CPU
		{4A591959-C763-41E7-A53B-D439CDD71FA0}.Release|Any CPU.ActiveCfg = Release|Any CPU
		{4A591959-C763-41E7-A53B-D439CDD71FA0}.Release|Any CPU.Build.0 = Release|Any CPU
		{3AA1DDC6-F6A7-4CED-8DD0-78CA99B414BF}.Debug|Any CPU.ActiveCfg = Debug|Any CPU
		{3AA1DDC6-F6A7-4CED-8DD0-78CA99B414BF}.Debug|Any CPU.Build.0 = Debug|Any CPU
		{3AA1DDC6-F6A7-4CED-8DD0-78CA99B414BF}.Release|Any CPU.ActiveCfg = Release|Any CPU
		{3AA1DDC6-F6A7-4CED-8DD0-78CA99B414BF}.Release|Any CPU.Build.0 = Release|Any CPU
		{B062C740-0CE1-4854-B835-D7AAFA88C73A}.Debug|Any CPU.ActiveCfg = Debug|Any CPU
		{B062C740-0CE1-4854-B835-D7AAFA88C73A}.Debug|Any CPU.Build.0 = Debug|Any CPU
		{B062C740-0CE1-4854-B835-D7AAFA88C73A}.Release|Any CPU.ActiveCfg = Release|Any CPU
		{B062C740-0CE1-4854-B835-D7AAFA88C73A}.Release|Any CPU.Build.0 = Release|Any CPU
		{16E69D77-84ED-40B3-997B-28395D0DB970}.Debug|Any CPU.ActiveCfg = Debug|Any CPU
		{16E69D77-84ED-40B3-997B-28395D0DB970}.Debug|Any CPU.Build.0 = Debug|Any CPU
		{16E69D77-84ED-40B3-997B-28395D0DB970}.Release|Any CPU.ActiveCfg = Release|Any CPU
		{16E69D77-84ED-40B3-997B-28395D0DB970}.Release|Any CPU.Build.0 = Release|Any CPU
		{DACA38B4-3C60-4317-85DD-E0C2AAF3DB21}.Debug|Any CPU.ActiveCfg = Debug|Any CPU
		{DACA38B4-3C60-4317-85DD-E0C2AAF3DB21}.Debug|Any CPU.Build.0 = Debug|Any CPU
		{DACA38B4-3C60-4317-85DD-E0C2AAF3DB21}.Release|Any CPU.ActiveCfg = Release|Any CPU
		{DACA38B4-3C60-4317-85DD-E0C2AAF3DB21}.Release|Any CPU.Build.0 = Release|Any CPU
	EndGlobalSection
	GlobalSection(SolutionProperties) = preSolution
		HideSolutionNode = FALSE
	EndGlobalSection
	GlobalSection(ExtensibilityGlobals) = postSolution
		SolutionGuid = {5DA4A7B9-EE8C-4F85-8A98-ED0E57D17C67}
	EndGlobalSection
EndGlobal
